
Microsoft Visual Studio Solution File, Format Version 12.00
# Visual Studio Version 17
VisualStudioVersion = 17.0.31903.59
MinimumVisualStudioVersion = 10.0.40219.1
Project("{FAE04EC0-301F-11D3-BF4B-00C04F79EFBC}") = "AnimalKingdom", "AnimalKingdom\AnimalKingdom.csproj", "{CCB2D7C9-2098-489A-B79A-D454703590A5}"
EndProject
Project("{FAE04EC0-301F-11D3-BF4B-00C04F79EFBC}") = "PlayerManager1", "PlayerManager1\PlayerManager1.csproj", "{3DC01451-274B-44DC-B4DE-0B86A19E8B82}"
EndProject
Project("{FAE04EC0-301F-11D3-BF4B-00C04F79EFBC}") = "PlayerManager2", "PlayerManager2\PlayerManager2.csproj", "{8E9A5FEB-85D2-4571-8F00-2EA9D1A1F5AD}"
EndProject
Project("{FAE04EC0-301F-11D3-BF4B-00C04F79EFBC}") = "PlayerManager3", "PlayerManager3\PlayerManager3.csproj", "{C4B87203-BB9A-4A97-B495-078B3CAA5DBF}"
EndProject
Global
	GlobalSection(SolutionConfigurationPlatforms) = preSolution
		Debug|Any CPU = Debug|Any CPU
		Release|Any CPU = Release|Any CPU
	EndGlobalSection
	GlobalSection(SolutionProperties) = preSolution
		HideSolutionNode = FALSE
	EndGlobalSection
	GlobalSection(ProjectConfigurationPlatforms) = postSolution
		{CCB2D7C9-2098-489A-B79A-D454703590A5}.Debug|Any CPU.ActiveCfg = Debug|Any CPU
		{CCB2D7C9-2098-489A-B79A-D454703590A5}.Debug|Any CPU.Build.0 = Debug|Any CPU
		{CCB2D7C9-2098-489A-B79A-D454703590A5}.Release|Any CPU.ActiveCfg = Release|Any CPU
		{CCB2D7C9-2098-489A-B79A-D454703590A5}.Release|Any CPU.Build.0 = Release|Any CPU
		{3DC01451-274B-44DC-B4DE-0B86A19E8B82}.Debug|Any CPU.ActiveCfg = Debug|Any CPU
		{3DC01451-274B-44DC-B4DE-0B86A19E8B82}.Debug|Any CPU.Build.0 = Debug|Any CPU
		{3DC01451-274B-44DC-B4DE-0B86A19E8B82}.Release|Any CPU.ActiveCfg = Release|Any CPU
		{3DC01451-274B-44DC-B4DE-0B86A19E8B82}.Release|Any CPU.Build.0 = Release|Any CPU
		{8E9A5FEB-85D2-4571-8F00-2EA9D1A1F5AD}.Debug|Any CPU.ActiveCfg = Debug|Any CPU
		{8E9A5FEB-85D2-4571-8F00-2EA9D1A1F5AD}.Debug|Any CPU.Build.0 = Debug|Any CPU
		{8E9A5FEB-85D2-4571-8F00-2EA9D1A1F5AD}.Release|Any CPU.ActiveCfg = Release|Any CPU
		{8E9A5FEB-85D2-4571-8F00-2EA9D1A1F5AD}.Release|Any CPU.Build.0 = Release|Any CPU
		{C4B87203-BB9A-4A97-B495-078B3CAA5DBF}.Debug|Any CPU.ActiveCfg = Debug|Any CPU
		{C4B87203-BB9A-4A97-B495-078B3CAA5DBF}.Debug|Any CPU.Build.0 = Debug|Any CPU
		{C4B87203-BB9A-4A97-B495-078B3CAA5DBF}.Release|Any CPU.ActiveCfg = Release|Any CPU
		{C4B87203-BB9A-4A97-B495-078B3CAA5DBF}.Release|Any CPU.Build.0 = Release|Any CPU
	EndGlobalSection
EndGlobal
